
Microsoft Visual Studio Solution File, Format Version 12.00
# Visual Studio 15
VisualStudioVersion = 15.0.27130.2036
MinimumVisualStudioVersion = 10.0.40219.1
Project("{9A19103F-16F7-4668-BE54-9A1E7A4F7556}") = "aspnetcore", "aspnetcore\aspnetcore.csproj", "{5BBD5819-E4CA-4C2F-BCD8-2187327C72C4}"
EndProject
Project("{9A19103F-16F7-4668-BE54-9A1E7A4F7556}") = "Entity", "Entity\Entity.csproj", "{C4BCE58F-D8E1-4A32-9EAB-A9CA3C971B4F}"
EndProject
Project("{9A19103F-16F7-4668-BE54-9A1E7A4F7556}") = "Redis", "Redis\Redis.csproj", "{53D45433-089C-44D9-8AA8-4D1E46207434}"
EndProject
Project("{9A19103F-16F7-4668-BE54-9A1E7A4F7556}") = "Log", "Log\Log.csproj", "{3F8FA33A-6569-48DC-AEEF-0DF6E9AE0818}"
EndProject
Project("{9A19103F-16F7-4668-BE54-9A1E7A4F7556}") = "Infrastructure", "Infrastructure\Infrastructure.csproj", "{4F9132AF-944E-4B47-A51F-498D5072F4C9}"
EndProject
Project("{2150E333-8FDC-42A3-9474-1A3956D46DE8}") = "Framework", "Framework", "{9658FEC1-D9D0-4481-84DE-9758C66406CA}"
EndProject
Project("{FAE04EC0-301F-11D3-BF4B-00C04F79EFBC}") = "apicore", "apicore\apicore.csproj", "{82F93013-4CB4-4633-933A-4E8D707F389F}"
EndProject
Project("{FAE04EC0-301F-11D3-BF4B-00C04F79EFBC}") = "WebApiBase", "WebApiBase\WebApiBase.csproj", "{C4170EAC-DC41-4081-8F9F-6A42144F8F6E}"
EndProject
Global
	GlobalSection(SolutionConfigurationPlatforms) = preSolution
		Debug|Any CPU = Debug|Any CPU
		Release|Any CPU = Release|Any CPU
	EndGlobalSection
	GlobalSection(ProjectConfigurationPlatforms) = postSolution
		{5BBD5819-E4CA-4C2F-BCD8-2187327C72C4}.Debug|Any CPU.ActiveCfg = Debug|Any CPU
		{5BBD5819-E4CA-4C2F-BCD8-2187327C72C4}.Debug|Any CPU.Build.0 = Debug|Any CPU
		{5BBD5819-E4CA-4C2F-BCD8-2187327C72C4}.Release|Any CPU.ActiveCfg = Release|Any CPU
		{5BBD5819-E4CA-4C2F-BCD8-2187327C72C4}.Release|Any CPU.Build.0 = Release|Any CPU
		{C4BCE58F-D8E1-4A32-9EAB-A9CA3C971B4F}.Debug|Any CPU.ActiveCfg = Debug|Any CPU
		{C4BCE58F-D8E1-4A32-9EAB-A9CA3C971B4F}.Debug|Any CPU.Build.0 = Debug|Any CPU
		{C4BCE58F-D8E1-4A32-9EAB-A9CA3C971B4F}.Release|Any CPU.ActiveCfg = Release|Any CPU
		{C4BCE58F-D8E1-4A32-9EAB-A9CA3C971B4F}.Release|Any CPU.Build.0 = Release|Any CPU
		{53D45433-089C-44D9-8AA8-4D1E46207434}.Debug|Any CPU.ActiveCfg = Debug|Any CPU
		{53D45433-089C-44D9-8AA8-4D1E46207434}.Debug|Any CPU.Build.0 = Debug|Any CPU
		{53D45433-089C-44D9-8AA8-4D1E46207434}.Release|Any CPU.ActiveCfg = Release|Any CPU
		{53D45433-089C-44D9-8AA8-4D1E46207434}.Release|Any CPU.Build.0 = Release|Any CPU
		{3F8FA33A-6569-48DC-AEEF-0DF6E9AE0818}.Debug|Any CPU.ActiveCfg = Debug|Any CPU
		{3F8FA33A-6569-48DC-AEEF-0DF6E9AE0818}.Debug|Any CPU.Build.0 = Debug|Any CPU
		{3F8FA33A-6569-48DC-AEEF-0DF6E9AE0818}.Release|Any CPU.ActiveCfg = Release|Any CPU
		{3F8FA33A-6569-48DC-AEEF-0DF6E9AE0818}.Release|Any CPU.Build.0 = Release|Any CPU
		{4F9132AF-944E-4B47-A51F-498D5072F4C9}.Debug|Any CPU.ActiveCfg = Debug|Any CPU
		{4F9132AF-944E-4B47-A51F-498D5072F4C9}.Debug|Any CPU.Build.0 = Debug|Any CPU
		{4F9132AF-944E-4B47-A51F-498D5072F4C9}.Release|Any CPU.ActiveCfg = Release|Any CPU
		{4F9132AF-944E-4B47-A51F-498D5072F4C9}.Release|Any CPU.Build.0 = Release|Any CPU
		{82F93013-4CB4-4633-933A-4E8D707F389F}.Debug|Any CPU.ActiveCfg = Debug|Any CPU
		{82F93013-4CB4-4633-933A-4E8D707F389F}.Debug|Any CPU.Build.0 = Debug|Any CPU
		{82F93013-4CB4-4633-933A-4E8D707F389F}.Release|Any CPU.ActiveCfg = Release|Any CPU
		{82F93013-4CB4-4633-933A-4E8D707F389F}.Release|Any CPU.Build.0 = Release|Any CPU
		{C4170EAC-DC41-4081-8F9F-6A42144F8F6E}.Debug|Any CPU.ActiveCfg = Debug|Any CPU
		{C4170EAC-DC41-4081-8F9F-6A42144F8F6E}.Debug|Any CPU.Build.0 = Debug|Any CPU
		{C4170EAC-DC41-4081-8F9F-6A42144F8F6E}.Release|Any CPU.ActiveCfg = Release|Any CPU
		{C4170EAC-DC41-4081-8F9F-6A42144F8F6E}.Release|Any CPU.Build.0 = Release|Any CPU
	EndGlobalSection
	GlobalSection(SolutionProperties) = preSolution
		HideSolutionNode = FALSE
	EndGlobalSection
	GlobalSection(NestedProjects) = preSolution
		{C4BCE58F-D8E1-4A32-9EAB-A9CA3C971B4F} = {9658FEC1-D9D0-4481-84DE-9758C66406CA}
		{53D45433-089C-44D9-8AA8-4D1E46207434} = {9658FEC1-D9D0-4481-84DE-9758C66406CA}
		{3F8FA33A-6569-48DC-AEEF-0DF6E9AE0818} = {9658FEC1-D9D0-4481-84DE-9758C66406CA}
		{4F9132AF-944E-4B47-A51F-498D5072F4C9} = {9658FEC1-D9D0-4481-84DE-9758C66406CA}
		{C4170EAC-DC41-4081-8F9F-6A42144F8F6E} = {9658FEC1-D9D0-4481-84DE-9758C66406CA}
	EndGlobalSection
	GlobalSection(ExtensibilityGlobals) = postSolution
		SolutionGuid = {B15980E6-8B22-4623-8730-809C99ED2481}
	EndGlobalSection
EndGlobal
